
Microsoft Visual Studio Solution File, Format Version 12.00
# Visual Studio Version 17
VisualStudioVersion = 17.4.33205.214
MinimumVisualStudioVersion = 10.0.40219.1
Project("{FAE04EC0-301F-11D3-BF4B-00C04F79EFBC}") = "GradeTracker.Web", "GradeTracker.Web\GradeTracker.Web.csproj", "{D7056C7F-761D-4A0B-900F-9EA649466BB4}"
	ProjectSection(ProjectDependencies) = postProject
		{2F37CC6D-277A-4150-BD09-DED4E0B8621E} = {2F37CC6D-277A-4150-BD09-DED4E0B8621E}
		{AE97EB87-0F4B-4212-B43F-7CD2B6DADCC2} = {AE97EB87-0F4B-4212-B43F-7CD2B6DADCC2}
	EndProjectSection
EndProject
Project("{FAE04EC0-301F-11D3-BF4B-00C04F79EFBC}") = "GradeTracker.Core", "GradeTracker.Core\GradeTracker.Core.csproj", "{AE97EB87-0F4B-4212-B43F-7CD2B6DADCC2}"
EndProject
Project("{FAE04EC0-301F-11D3-BF4B-00C04F79EFBC}") = "GradeTracker.Infrastructure", "GradeTracker.Infrastructure\GradeTracker.Infrastructure.csproj", "{2F37CC6D-277A-4150-BD09-DED4E0B8621E}"
	ProjectSection(ProjectDependencies) = postProject
		{AE97EB87-0F4B-4212-B43F-7CD2B6DADCC2} = {AE97EB87-0F4B-4212-B43F-7CD2B6DADCC2}
	EndProjectSection
EndProject
Global
	GlobalSection(SolutionConfigurationPlatforms) = preSolution
		Debug|Any CPU = Debug|Any CPU
		Release|Any CPU = Release|Any CPU
	EndGlobalSection
	GlobalSection(ProjectConfigurationPlatforms) = postSolution
		{D7056C7F-761D-4A0B-900F-9EA649466BB4}.Debug|Any CPU.ActiveCfg = Debug|Any CPU
		{D7056C7F-761D-4A0B-900F-9EA649466BB4}.Debug|Any CPU.Build.0 = Debug|Any CPU
		{D7056C7F-761D-4A0B-900F-9EA649466BB4}.Release|Any CPU.ActiveCfg = Release|Any CPU
		{D7056C7F-761D-4A0B-900F-9EA649466BB4}.Release|Any CPU.Build.0 = Release|Any CPU
		{AE97EB87-0F4B-4212-B43F-7CD2B6DADCC2}.Debug|Any CPU.ActiveCfg = Debug|Any CPU
		{AE97EB87-0F4B-4212-B43F-7CD2B6DADCC2}.Debug|Any CPU.Build.0 = Debug|Any CPU
		{AE97EB87-0F4B-4212-B43F-7CD2B6DADCC2}.Release|Any CPU.ActiveCfg = Release|Any CPU
		{AE97EB87-0F4B-4212-B43F-7CD2B6DADCC2}.Release|Any CPU.Build.0 = Release|Any CPU
		{2F37CC6D-277A-4150-BD09-DED4E0B8621E}.Debug|Any CPU.ActiveCfg = Debug|Any CPU
		{2F37CC6D-277A-4150-BD09-DED4E0B8621E}.Debug|Any CPU.Build.0 = Debug|Any CPU
		{2F37CC6D-277A-4150-BD09-DED4E0B8621E}.Release|Any CPU.ActiveCfg = Release|Any CPU
		{2F37CC6D-277A-4150-BD09-DED4E0B8621E}.Release|Any CPU.Build.0 = Release|Any CPU
	EndGlobalSection
	GlobalSection(SolutionProperties) = preSolution
		HideSolutionNode = FALSE
	EndGlobalSection
	GlobalSection(ExtensibilityGlobals) = postSolution
		SolutionGuid = {20598C3F-D7DF-4A79-B158-E8BBCA7CD51C}
	EndGlobalSection
EndGlobal
